
Microsoft Visual Studio Solution File, Format Version 12.00
# Visual Studio Version 17
VisualStudioVersion = 17.4.33122.133
MinimumVisualStudioVersion = 10.0.40219.1
Project("{9A19103F-16F7-4668-BE54-9A1E7A4F7556}") = "HttpClient(.net 6.0)", "HttpClient(.net 6.0)\HttpClient(.net 6.0).csproj", "{D15EBCBD-E880-44E0-91F4-496607D2EE56}"
EndProject
Project("{FAE04EC0-301F-11D3-BF4B-00C04F79EFBC}") = "Engine", "Engine\Engine.csproj", "{DFF0188C-58EE-498A-82F8-9915EF8BCD2B}"
EndProject
Project("{FAE04EC0-301F-11D3-BF4B-00C04F79EFBC}") = "User Interface", "User Interface\User Interface.csproj", "{F8A6815A-EB71-4A6A-93F8-648A18C3CBD9}"
EndProject
Global
	GlobalSection(SolutionConfigurationPlatforms) = preSolution
		Debug|Any CPU = Debug|Any CPU
		Release|Any CPU = Release|Any CPU
	EndGlobalSection
	GlobalSection(ProjectConfigurationPlatforms) = postSolution
		{D15EBCBD-E880-44E0-91F4-496607D2EE56}.Debug|Any CPU.ActiveCfg = Debug|Any CPU
		{D15EBCBD-E880-44E0-91F4-496607D2EE56}.Debug|Any CPU.Build.0 = Debug|Any CPU
		{D15EBCBD-E880-44E0-91F4-496607D2EE56}.Release|Any CPU.ActiveCfg = Release|Any CPU
		{D15EBCBD-E880-44E0-91F4-496607D2EE56}.Release|Any CPU.Build.0 = Release|Any CPU
		{DFF0188C-58EE-498A-82F8-9915EF8BCD2B}.Debug|Any CPU.ActiveCfg = Debug|Any CPU
		{DFF0188C-58EE-498A-82F8-9915EF8BCD2B}.Debug|Any CPU.Build.0 = Debug|Any CPU
		{DFF0188C-58EE-498A-82F8-9915EF8BCD2B}.Release|Any CPU.ActiveCfg = Release|Any CPU
		{DFF0188C-58EE-498A-82F8-9915EF8BCD2B}.Release|Any CPU.Build.0 = Release|Any CPU
		{F8A6815A-EB71-4A6A-93F8-648A18C3CBD9}.Debug|Any CPU.ActiveCfg = Debug|Any CPU
		{F8A6815A-EB71-4A6A-93F8-648A18C3CBD9}.Debug|Any CPU.Build.0 = Debug|Any CPU
		{F8A6815A-EB71-4A6A-93F8-648A18C3CBD9}.Release|Any CPU.ActiveCfg = Release|Any CPU
		{F8A6815A-EB71-4A6A-93F8-648A18C3CBD9}.Release|Any CPU.Build.0 = Release|Any CPU
	EndGlobalSection
	GlobalSection(SolutionProperties) = preSolution
		HideSolutionNode = FALSE
	EndGlobalSection
	GlobalSection(ExtensibilityGlobals) = postSolution
		SolutionGuid = {3178AF71-F652-4C0C-B9EF-1B01B83F30E9}
	EndGlobalSection
EndGlobal
